
Microsoft Visual Studio Solution File, Format Version 12.00
# Visual Studio 15
VisualStudioVersion = 15.0.28307.329
MinimumVisualStudioVersion = 10.0.40219.1
Project("{FAE04EC0-301F-11D3-BF4B-00C04F79EFBC}") = "TripLog.Android", "TripLog\TripLog.Android\TripLog.Android.csproj", "{A7AAB690-B0EB-4966-B2C7-86EABE46BE1F}"
EndProject
Project("{FAE04EC0-301F-11D3-BF4B-00C04F79EFBC}") = "TripLog.iOS", "TripLog\TripLog.iOS\TripLog.iOS.csproj", "{08A78F5E-24F2-4F1D-A2DC-6AFD2374F710}"
EndProject
Project("{FAE04EC0-301F-11D3-BF4B-00C04F79EFBC}") = "TripLog.UWP", "TripLog\TripLog.UWP\TripLog.UWP.csproj", "{39C96DC3-90A0-428A-B826-EAC0001F163E}"
EndProject
Project("{FAE04EC0-301F-11D3-BF4B-00C04F79EFBC}") = "TripLog", "TripLog\TripLog\TripLog.csproj", "{25017021-7B86-44AB-93F0-3E0EC08630F9}"
EndProject
Global
	GlobalSection(SolutionConfigurationPlatforms) = preSolution
		Ad-Hoc|Any CPU = Ad-Hoc|Any CPU
		Ad-Hoc|ARM = Ad-Hoc|ARM
		Ad-Hoc|iPhone = Ad-Hoc|iPhone
		Ad-Hoc|iPhoneSimulator = Ad-Hoc|iPhoneSimulator
		Ad-Hoc|x64 = Ad-Hoc|x64
		Ad-Hoc|x86 = Ad-Hoc|x86
		AppStore|Any CPU = AppStore|Any CPU
		AppStore|ARM = AppStore|ARM
		AppStore|iPhone = AppStore|iPhone
		AppStore|iPhoneSimulator = AppStore|iPhoneSimulator
		AppStore|x64 = AppStore|x64
		AppStore|x86 = AppStore|x86
		Debug|Any CPU = Debug|Any CPU
		Debug|ARM = Debug|ARM
		Debug|iPhone = Debug|iPhone
		Debug|iPhoneSimulator = Debug|iPhoneSimulator
		Debug|x64 = Debug|x64
		Debug|x86 = Debug|x86
		Release|Any CPU = Release|Any CPU
		Release|ARM = Release|ARM
		Release|iPhone = Release|iPhone
		Release|iPhoneSimulator = Release|iPhoneSimulator
		Release|x64 = Release|x64
		Release|x86 = Release|x86
	EndGlobalSection
	GlobalSection(ProjectConfigurationPlatforms) = postSolution
		{A7AAB690-B0EB-4966-B2C7-86EABE46BE1F}.Ad-Hoc|Any CPU.ActiveCfg = Release|Any CPU
		{A7AAB690-B0EB-4966-B2C7-86EABE46BE1F}.Ad-Hoc|Any CPU.Build.0 = Release|Any CPU
		{A7AAB690-B0EB-4966-B2C7-86EABE46BE1F}.Ad-Hoc|Any CPU.Deploy.0 = Release|Any CPU
		{A7AAB690-B0EB-4966-B2C7-86EABE46BE1F}.Ad-Hoc|ARM.ActiveCfg = Release|Any CPU
		{A7AAB690-B0EB-4966-B2C7-86EABE46BE1F}.Ad-Hoc|ARM.Build.0 = Release|Any CPU
		{A7AAB690-B0EB-4966-B2C7-86EABE46BE1F}.Ad-Hoc|ARM.Deploy.0 = Release|Any CPU
		{A7AAB690-B0EB-4966-B2C7-86EABE46BE1F}.Ad-Hoc|iPhone.ActiveCfg = Release|Any CPU
		{A7AAB690-B0EB-4966-B2C7-86EABE46BE1F}.Ad-Hoc|iPhone.Build.0 = Release|Any CPU
		{A7AAB690-B0EB-4966-B2C7-86EABE46BE1F}.Ad-Hoc|iPhone.Deploy.0 = Release|Any CPU
		{A7AAB690-B0EB-4966-B2C7-86EABE46BE1F}.Ad-Hoc|iPhoneSimulator.ActiveCfg = Release|Any CPU
		{A7AAB690-B0EB-4966-B2C7-86EABE46BE1F}.Ad-Hoc|iPhoneSimulator.Build.0 = Release|Any CPU
		{A7AAB690-B0EB-4966-B2C7-86EABE46BE1F}.Ad-Hoc|iPhoneSimulator.Deploy.0 = Release|Any CPU
		{A7AAB690-B0EB-4966-B2C7-86EABE46BE1F}.Ad-Hoc|x64.ActiveCfg = Release|Any CPU
		{A7AAB690-B0EB-4966-B2C7-86EABE46BE1F}.Ad-Hoc|x64.Build.0 = Release|Any CPU
		{A7AAB690-B0EB-4966-B2C7-86EABE46BE1F}.Ad-Hoc|x64.Deploy.0 = Release|Any CPU
		{A7AAB690-B0EB-4966-B2C7-86EABE46BE1F}.Ad-Hoc|x86.ActiveCfg = Release|Any CPU
		{A7AAB690-B0EB-4966-B2C7-86EABE46BE1F}.Ad-Hoc|x86.Build.0 = Release|Any CPU
		{A7AAB690-B0EB-4966-B2C7-86EABE46BE1F}.Ad-Hoc|x86.Deploy.0 = Release|Any CPU
		{A7AAB690-B0EB-4966-B2C7-86EABE46BE1F}.AppStore|Any CPU.ActiveCfg = Release|Any CPU
		{A7AAB690-B0EB-4966-B2C7-86EABE46BE1F}.AppStore|Any CPU.Build.0 = Release|Any CPU
		{A7AAB690-B0EB-4966-B2C7-86EABE46BE1F}.AppStore|Any CPU.Deploy.0 = Release|Any CPU
		{A7AAB690-B0EB-4966-B2C7-86EABE46BE1F}.AppStore|ARM.ActiveCfg = Release|Any CPU
		{A7AAB690-B0EB-4966-B2C7-86EABE46BE1F}.AppStore|ARM.Build.0 = Release|Any CPU
		{A7AAB690-B0EB-4966-B2C7-86EABE46BE1F}.AppStore|ARM.Deploy.0 = Release|Any CPU
		{A7AAB690-B0EB-4966-B2C7-86EABE46BE1F}.AppStore|iPhone.ActiveCfg = Release|Any CPU
		{A7AAB690-B0EB-4966-B2C7-86EABE46BE1F}.AppStore|iPhone.Build.0 = Release|Any CPU
		{A7AAB690-B0EB-4966-B2C7-86EABE46BE1F}.AppStore|iPhone.Deploy.0 = Release|Any CPU
		{A7AAB690-B0EB-4966-B2C7-86EABE46BE1F}.AppStore|iPhoneSimulator.ActiveCfg = Release|Any CPU
		{A7AAB690-B0EB-4966-B2C7-86EABE46BE1F}.AppStore|iPhoneSimulator.Build.0 = Release|Any CPU
		{A7AAB690-B0EB-4966-B2C7-86EABE46BE1F}.AppStore|iPhoneSimulator.Deploy.0 = Release|Any CPU
		{A7AAB690-B0EB-4966-B2C7-86EABE46BE1F}.AppStore|x64.ActiveCfg = Release|Any CPU
		{A7AAB690-B0EB-4966-B2C7-86EABE46BE1F}.AppStore|x64.Build.0 = Release|Any CPU
		{A7AAB690-B0EB-4966-B2C7-86EABE46BE1F}.AppStore|x64.Deploy.0 = Release|Any CPU
		{A7AAB690-B0EB-4966-B2C7-86EABE46BE1F}.AppStore|x86.ActiveCfg = Release|Any CPU
		{A7AAB690-B0EB-4966-B2C7-86EABE46BE1F}.AppStore|x86.Build.0 = Release|Any CPU
		{A7AAB690-B0EB-4966-B2C7-86EABE46BE1F}.AppStore|x86.Deploy.0 = Release|Any CPU
		{A7AAB690-B0EB-4966-B2C7-86EABE46BE1F}.Debug|Any CPU.ActiveCfg = Debug|Any CPU
		{A7AAB690-B0EB-4966-B2C7-86EABE46BE1F}.Debug|Any CPU.Build.0 = Debug|Any CPU
		{A7AAB690-B0EB-4966-B2C7-86EABE46BE1F}.Debug|Any CPU.Deploy.0 = Debug|Any CPU
		{A7AAB690-B0EB-4966-B2C7-86EABE46BE1F}.Debug|ARM.ActiveCfg = Debug|Any CPU
		{A7AAB690-B0EB-4966-B2C7-86EABE46BE1F}.Debug|ARM.Build.0 = Debug|Any CPU
		{A7AAB690-B0EB-4966-B2C7-86EABE46BE1F}.Debug|ARM.Deploy.0 = Debug|Any CPU
		{A7AAB690-B0EB-4966-B2C7-86EABE46BE1F}.Debug|iPhone.ActiveCfg = Debug|Any CPU
		{A7AAB690-B0EB-4966-B2C7-86EABE46BE1F}.Debug|iPhone.Build.0 = Debug|Any CPU
		{A7AAB690-B0EB-4966-B2C7-86EABE46BE1F}.Debug|iPhone.Deploy.0 = Debug|Any CPU
		{A7AAB690-B0EB-4966-B2C7-86EABE46BE1F}.Debug|iPhoneSimulator.ActiveCfg = Debug|Any CPU
		{A7AAB690-B0EB-4966-B2C7-86EABE46BE1F}.Debug|iPhoneSimulator.Build.0 = Debug|Any CPU
		{A7AAB690-B0EB-4966-B2C7-86EABE46BE1F}.Debug|iPhoneSimulator.Deploy.0 = Debug|Any CPU
		{A7AAB690-B0EB-4966-B2C7-86EABE46BE1F}.Debug|x64.ActiveCfg = Debug|Any CPU
		{A7AAB690-B0EB-4966-B2C7-86EABE46BE1F}.Debug|x64.Build.0 = Debug|Any CPU
		{A7AAB690-B0EB-4966-B2C7-86EABE46BE1F}.Debug|x64.Deploy.0 = Debug|Any CPU
		{A7AAB690-B0EB-4966-B2C7-86EABE46BE1F}.Debug|x86.ActiveCfg = Debug|Any CPU
		{A7AAB690-B0EB-4966-B2C7-86EABE46BE1F}.Debug|x86.Build.0 = Debug|Any CPU
		{A7AAB690-B0EB-4966-B2C7-86EABE46BE1F}.Debug|x86.Deploy.0 = Debug|Any CPU
		{A7AAB690-B0EB-4966-B2C7-86EABE46BE1F}.Release|Any CPU.ActiveCfg = Release|Any CPU
		{A7AAB690-B0EB-4966-B2C7-86EABE46BE1F}.Release|Any CPU.Build.0 = Release|Any CPU
		{A7AAB690-B0EB-4966-B2C7-86EABE46BE1F}.Release|Any CPU.Deploy.0 = Release|Any CPU
		{A7AAB690-B0EB-4966-B2C7-86EABE46BE1F}.Release|ARM.ActiveCfg = Release|Any CPU
		{A7AAB690-B0EB-4966-B2C7-86EABE46BE1F}.Release|ARM.Build.0 = Release|Any CPU
		{A7AAB690-B0EB-4966-B2C7-86EABE46BE1F}.Release|ARM.Deploy.0 = Release|Any CPU
		{A7AAB690-B0EB-4966-B2C7-86EABE46BE1F}.Release|iPhone.ActiveCfg = Release|Any CPU
		{A7AAB690-B0EB-4966-B2C7-86EABE46BE1F}.Release|iPhone.Build.0 = Release|Any CPU
		{A7AAB690-B0EB-4966-B2C7-86EABE46BE1F}.Release|iPhone.Deploy.0 = Release|Any CPU
		{A7AAB690-B0EB-4966-B2C7-86EABE46BE1F}.Release|iPhoneSimulator.ActiveCfg = Release|Any CPU
		{A7AAB690-B0EB-4966-B2C7-86EABE46BE1F}.Release|iPhoneSimulator.Build.0 = Release|Any CPU
		{A7AAB690-B0EB-4966-B2C7-86EABE46BE1F}.Release|iPhoneSimulator.Deploy.0 = Release|Any CPU
		{A7AAB690-B0EB-4966-B2C7-86EABE46BE1F}.Release|x64.ActiveCfg = Release|Any CPU
		{A7AAB690-B0EB-4966-B2C7-86EABE46BE1F}.Release|x64.Build.0 = Release|Any CPU
		{A7AAB690-B0EB-4966-B2C7-86EABE46BE1F}.Release|x64.Deploy.0 = Release|Any CPU
		{A7AAB690-B0EB-4966-B2C7-86EABE46BE1F}.Release|x86.ActiveCfg = Release|Any CPU
		{A7AAB690-B0EB-4966-B2C7-86EABE46BE1F}.Release|x86.Build.0 = Release|Any CPU
		{A7AAB690-B0EB-4966-B2C7-86EABE46BE1F}.Release|x86.Deploy.0 = Release|Any CPU
		{08A78F5E-24F2-4F1D-A2DC-6AFD2374F710}.Ad-Hoc|Any CPU.ActiveCfg = Ad-Hoc|iPhone
		{08A78F5E-24F2-4F1D-A2DC-6AFD2374F710}.Ad-Hoc|Any CPU.Build.0 = Ad-Hoc|iPhone
		{08A78F5E-24F2-4F1D-A2DC-6AFD2374F710}.Ad-Hoc|Any CPU.Deploy.0 = Ad-Hoc|iPhone
		{08A78F5E-24F2-4F1D-A2DC-6AFD2374F710}.Ad-Hoc|ARM.ActiveCfg = Ad-Hoc|iPhone
		{08A78F5E-24F2-4F1D-A2DC-6AFD2374F710}.Ad-Hoc|ARM.Build.0 = Ad-Hoc|iPhone
		{08A78F5E-24F2-4F1D-A2DC-6AFD2374F710}.Ad-Hoc|ARM.Deploy.0 = Ad-Hoc|iPhone
		{08A78F5E-24F2-4F1D-A2DC-6AFD2374F710}.Ad-Hoc|iPhone.ActiveCfg = Ad-Hoc|iPhone
		{08A78F5E-24F2-4F1D-A2DC-6AFD2374F710}.Ad-Hoc|iPhone.Build.0 = Ad-Hoc|iPhone
		{08A78F5E-24F2-4F1D-A2DC-6AFD2374F710}.Ad-Hoc|iPhone.Deploy.0 = Ad-Hoc|iPhone
		{08A78F5E-24F2-4F1D-A2DC-6AFD2374F710}.Ad-Hoc|iPhoneSimulator.ActiveCfg = Ad-Hoc|iPhoneSimulator
		{08A78F5E-24F2-4F1D-A2DC-6AFD2374F710}.Ad-Hoc|iPhoneSimulator.Build.0 = Ad-Hoc|iPhoneSimulator
		{08A78F5E-24F2-4F1D-A2DC-6AFD2374F710}.Ad-Hoc|iPhoneSimulator.Deploy.0 = Ad-Hoc|iPhoneSimulator
		{08A78F5E-24F2-4F1D-A2DC-6AFD2374F710}.Ad-Hoc|x64.ActiveCfg = Ad-Hoc|iPhone
		{08A78F5E-24F2-4F1D-A2DC-6AFD2374F710}.Ad-Hoc|x64.Build.0 = Ad-Hoc|iPhone
		{08A78F5E-24F2-4F1D-A2DC-6AFD2374F710}.Ad-Hoc|x64.Deploy.0 = Ad-Hoc|iPhone
		{08A78F5E-24F2-4F1D-A2DC-6AFD2374F710}.Ad-Hoc|x86.ActiveCfg = Ad-Hoc|iPhone
		{08A78F5E-24F2-4F1D-A2DC-6AFD2374F710}.Ad-Hoc|x86.Build.0 = Ad-Hoc|iPhone
		{08A78F5E-24F2-4F1D-A2DC-6AFD2374F710}.Ad-Hoc|x86.Deploy.0 = Ad-Hoc|iPhone
		{08A78F5E-24F2-4F1D-A2DC-6AFD2374F710}.AppStore|Any CPU.ActiveCfg = AppStore|iPhone
		{08A78F5E-24F2-4F1D-A2DC-6AFD2374F710}.AppStore|Any CPU.Build.0 = AppStore|iPhone
		{08A78F5E-24F2-4F1D-A2DC-6AFD2374F710}.AppStore|Any CPU.Deploy.0 = AppStore|iPhone
		{08A78F5E-24F2-4F1D-A2DC-6AFD2374F710}.AppStore|ARM.ActiveCfg = AppStore|iPhone
		{08A78F5E-24F2-4F1D-A2DC-6AFD2374F710}.AppStore|ARM.Build.0 = AppStore|iPhone
		{08A78F5E-24F2-4F1D-A2DC-6AFD2374F710}.AppStore|ARM.Deploy.0 = AppStore|iPhone
		{08A78F5E-24F2-4F1D-A2DC-6AFD2374F710}.AppStore|iPhone.ActiveCfg = AppStore|iPhone
		{08A78F5E-24F2-4F1D-A2DC-6AFD2374F710}.AppStore|iPhone.Build.0 = AppStore|iPhone
		{08A78F5E-24F2-4F1D-A2DC-6AFD2374F710}.AppStore|iPhone.Deploy.0 = AppStore|iPhone
		{08A78F5E-24F2-4F1D-A2DC-6AFD2374F710}.AppStore|iPhoneSimulator.ActiveCfg = AppStore|iPhoneSimulator
		{08A78F5E-24F2-4F1D-A2DC-6AFD2374F710}.AppStore|iPhoneSimulator.Build.0 = AppStore|iPhoneSimulator
		{08A78F5E-24F2-4F1D-A2DC-6AFD2374F710}.AppStore|iPhoneSimulator.Deploy.0 = AppStore|iPhoneSimulator
		{08A78F5E-24F2-4F1D-A2DC-6AFD2374F710}.AppStore|x64.ActiveCfg = AppStore|iPhone
		{08A78F5E-24F2-4F1D-A2DC-6AFD2374F710}.AppStore|x64.Build.0 = AppStore|iPhone
		{08A78F5E-24F2-4F1D-A2DC-6AFD2374F710}.AppStore|x64.Deploy.0 = AppStore|iPhone
		{08A78F5E-24F2-4F1D-A2DC-6AFD2374F710}.AppStore|x86.ActiveCfg = AppStore|iPhone
		{08A78F5E-24F2-4F1D-A2DC-6AFD2374F710}.AppStore|x86.Build.0 = AppStore|iPhone
		{08A78F5E-24F2-4F1D-A2DC-6AFD2374F710}.AppStore|x86.Deploy.0 = AppStore|iPhone
		{08A78F5E-24F2-4F1D-A2DC-6AFD2374F710}.Debug|Any CPU.ActiveCfg = Debug|iPhoneSimulator
		{08A78F5E-24F2-4F1D-A2DC-6AFD2374F710}.Debug|Any CPU.Build.0 = Debug|iPhoneSimulator
		{08A78F5E-24F2-4F1D-A2DC-6AFD2374F710}.Debug|Any CPU.Deploy.0 = Debug|iPhoneSimulator
		{08A78F5E-24F2-4F1D-A2DC-6AFD2374F710}.Debug|ARM.ActiveCfg = Debug|iPhone
		{08A78F5E-24F2-4F1D-A2DC-6AFD2374F710}.Debug|ARM.Build.0 = Debug|iPhone
		{08A78F5E-24F2-4F1D-A2DC-6AFD2374F710}.Debug|ARM.Deploy.0 = Debug|iPhone
		{08A78F5E-24F2-4F1D-A2DC-6AFD2374F710}.Debug|iPhone.ActiveCfg = Debug|iPhone
		{08A78F5E-24F2-4F1D-A2DC-6AFD2374F710}.Debug|iPhone.Build.0 = Debug|iPhone
		{08A78F5E-24F2-4F1D-A2DC-6AFD2374F710}.Debug|iPhone.Deploy.0 = Debug|iPhone
		{08A78F5E-24F2-4F1D-A2DC-6AFD2374F710}.Debug|iPhoneSimulator.ActiveCfg = Debug|iPhoneSimulator
		{08A78F5E-24F2-4F1D-A2DC-6AFD2374F710}.Debug|iPhoneSimulator.Build.0 = Debug|iPhoneSimulator
		{08A78F5E-24F2-4F1D-A2DC-6AFD2374F710}.Debug|iPhoneSimulator.Deploy.0 = Debug|iPhoneSimulator
		{08A78F5E-24F2-4F1D-A2DC-6AFD2374F710}.Debug|x64.ActiveCfg = Debug|iPhone
		{08A78F5E-24F2-4F1D-A2DC-6AFD2374F710}.Debug|x64.Build.0 = Debug|iPhone
		{08A78F5E-24F2-4F1D-A2DC-6AFD2374F710}.Debug|x64.Deploy.0 = Debug|iPhone
		{08A78F5E-24F2-4F1D-A2DC-6AFD2374F710}.Debug|x86.ActiveCfg = Debug|iPhone
		{08A78F5E-24F2-4F1D-A2DC-6AFD2374F710}.Debug|x86.Build.0 = Debug|iPhone
		{08A78F5E-24F2-4F1D-A2DC-6AFD2374F710}.Debug|x86.Deploy.0 = Debug|iPhone
		{08A78F5E-24F2-4F1D-A2DC-6AFD2374F710}.Release|Any CPU.ActiveCfg = Release|iPhone
		{08A78F5E-24F2-4F1D-A2DC-6AFD2374F710}.Release|Any CPU.Build.0 = Release|iPhone
		{08A78F5E-24F2-4F1D-A2DC-6AFD2374F710}.Release|Any CPU.Deploy.0 = Release|iPhone
		{08A78F5E-24F2-4F1D-A2DC-6AFD2374F710}.Release|ARM.ActiveCfg = Release|iPhone
		{08A78F5E-24F2-4F1D-A2DC-6AFD2374F710}.Release|ARM.Build.0 = Release|iPhone
		{08A78F5E-24F2-4F1D-A2DC-6AFD2374F710}.Release|ARM.Deploy.0 = Release|iPhone
		{08A78F5E-24F2-4F1D-A2DC-6AFD2374F710}.Release|iPhone.ActiveCfg = Release|iPhone
		{08A78F5E-24F2-4F1D-A2DC-6AFD2374F710}.Release|iPhone.Build.0 = Release|iPhone
		{08A78F5E-24F2-4F1D-A2DC-6AFD2374F710}.Release|iPhone.Deploy.0 = Release|iPhone
		{08A78F5E-24F2-4F1D-A2DC-6AFD2374F710}.Release|iPhoneSimulator.ActiveCfg = Release|iPhoneSimulator
		{08A78F5E-24F2-4F1D-A2DC-6AFD2374F710}.Release|iPhoneSimulator.Build.0 = Release|iPhoneSimulator
		{08A78F5E-24F2-4F1D-A2DC-6AFD2374F710}.Release|iPhoneSimulator.Deploy.0 = Release|iPhoneSimulator
		{08A78F5E-24F2-4F1D-A2DC-6AFD2374F710}.Release|x64.ActiveCfg = Release|iPhone
		{08A78F5E-24F2-4F1D-A2DC-6AFD2374F710}.Release|x64.Build.0 = Release|iPhone
		{08A78F5E-24F2-4F1D-A2DC-6AFD2374F710}.Release|x64.Deploy.0 = Release|iPhone
		{08A78F5E-24F2-4F1D-A2DC-6AFD2374F710}.Release|x86.ActiveCfg = Release|iPhone
		{08A78F5E-24F2-4F1D-A2DC-6AFD2374F710}.Release|x86.Build.0 = Release|iPhone
		{08A78F5E-24F2-4F1D-A2DC-6AFD2374F710}.Release|x86.Deploy.0 = Release|iPhone
		{39C96DC3-90A0-428A-B826-EAC0001F163E}.Ad-Hoc|Any CPU.ActiveCfg = Release|x86
		{39C96DC3-90A0-428A-B826-EAC0001F163E}.Ad-Hoc|Any CPU.Build.0 = Release|x86
		{39C96DC3-90A0-428A-B826-EAC0001F163E}.Ad-Hoc|Any CPU.Deploy.0 = Release|x86
		{39C96DC3-90A0-428A-B826-EAC0001F163E}.Ad-Hoc|ARM.ActiveCfg = Release|ARM
		{39C96DC3-90A0-428A-B826-EAC0001F163E}.Ad-Hoc|ARM.Build.0 = Release|ARM
		{39C96DC3-90A0-428A-B826-EAC0001F163E}.Ad-Hoc|ARM.Deploy.0 = Release|ARM
		{39C96DC3-90A0-428A-B826-EAC0001F163E}.Ad-Hoc|iPhone.ActiveCfg = Release|x86
		{39C96DC3-90A0-428A-B826-EAC0001F163E}.Ad-Hoc|iPhone.Build.0 = Release|x86
		{39C96DC3-90A0-428A-B826-EAC0001F163E}.Ad-Hoc|iPhone.Deploy.0 = Release|x86
		{39C96DC3-90A0-428A-B826-EAC0001F163E}.Ad-Hoc|iPhoneSimulator.ActiveCfg = Release|x86
		{39C96DC3-90A0-428A-B826-EAC0001F163E}.Ad-Hoc|iPhoneSimulator.Build.0 = Release|x86
		{39C96DC3-90A0-428A-B826-EAC0001F163E}.Ad-Hoc|iPhoneSimulator.Deploy.0 = Release|x86
		{39C96DC3-90A0-428A-B826-EAC0001F163E}.Ad-Hoc|x64.ActiveCfg = Release|x64
		{39C96DC3-90A0-428A-B826-EAC0001F163E}.Ad-Hoc|x64.Build.0 = Release|x64
		{39C96DC3-90A0-428A-B826-EAC0001F163E}.Ad-Hoc|x64.Deploy.0 = Release|x64
		{39C96DC3-90A0-428A-B826-EAC0001F163E}.Ad-Hoc|x86.ActiveCfg = Release|x86
		{39C96DC3-90A0-428A-B826-EAC0001F163E}.Ad-Hoc|x86.Build.0 = Release|x86
		{39C96DC3-90A0-428A-B826-EAC0001F163E}.Ad-Hoc|x86.Deploy.0 = Release|x86
		{39C96DC3-90A0-428A-B826-EAC0001F163E}.AppStore|Any CPU.ActiveCfg = Release|x86
		{39C96DC3-90A0-428A-B826-EAC0001F163E}.AppStore|Any CPU.Build.0 = Release|x86
		{39C96DC3-90A0-428A-B826-EAC0001F163E}.AppStore|Any CPU.Deploy.0 = Release|x86
		{39C96DC3-90A0-428A-B826-EAC0001F163E}.AppStore|ARM.ActiveCfg = Release|ARM
		{39C96DC3-90A0-428A-B826-EAC0001F163E}.AppStore|ARM.Build.0 = Release|ARM
		{39C96DC3-90A0-428A-B826-EAC0001F163E}.AppStore|ARM.Deploy.0 = Release|ARM
		{39C96DC3-90A0-428A-B826-EAC0001F163E}.AppStore|iPhone.ActiveCfg = Release|x86
		{39C96DC3-90A0-428A-B826-EAC0001F163E}.AppStore|iPhone.Build.0 = Release|x86
		{39C96DC3-90A0-428A-B826-EAC0001F163E}.AppStore|iPhone.Deploy.0 = Release|x86
		{39C96DC3-90A0-428A-B826-EAC0001F163E}.AppStore|iPhoneSimulator.ActiveCfg = Release|x86
		{39C96DC3-90A0-428A-B826-EAC0001F163E}.AppStore|iPhoneSimulator.Build.0 = Release|x86
		{39C96DC3-90A0-428A-B826-EAC0001F163E}.AppStore|iPhoneSimulator.Deploy.0 = Release|x86
		{39C96DC3-90A0-428A-B826-EAC0001F163E}.AppStore|x64.ActiveCfg = Release|x64
		{39C96DC3-90A0-428A-B826-EAC0001F163E}.AppStore|x64.Build.0 = Release|x64
		{39C96DC3-90A0-428A-B826-EAC0001F163E}.AppStore|x64.Deploy.0 = Release|x64
		{39C96DC3-90A0-428A-B826-EAC0001F163E}.AppStore|x86.ActiveCfg = Release|x86
		{39C96DC3-90A0-428A-B826-EAC0001F163E}.AppStore|x86.Build.0 = Release|x86
		{39C96DC3-90A0-428A-B826-EAC0001F163E}.AppStore|x86.Deploy.0 = Release|x86
		{39C96DC3-90A0-428A-B826-EAC0001F163E}.Debug|Any CPU.ActiveCfg = Debug|x86
		{39C96DC3-90A0-428A-B826-EAC0001F163E}.Debug|Any CPU.Build.0 = Debug|x86
		{39C96DC3-90A0-428A-B826-EAC0001F163E}.Debug|Any CPU.Deploy.0 = Debug|x86
		{39C96DC3-90A0-428A-B826-EAC0001F163E}.Debug|ARM.ActiveCfg = Debug|ARM
		{39C96DC3-90A0-428A-B826-EAC0001F163E}.Debug|ARM.Build.0 = Debug|ARM
		{39C96DC3-90A0-428A-B826-EAC0001F163E}.Debug|ARM.Deploy.0 = Debug|ARM
		{39C96DC3-90A0-428A-B826-EAC0001F163E}.Debug|iPhone.ActiveCfg = Debug|x86
		{39C96DC3-90A0-428A-B826-EAC0001F163E}.Debug|iPhone.Build.0 = Debug|x86
		{39C96DC3-90A0-428A-B826-EAC0001F163E}.Debug|iPhone.Deploy.0 = Debug|x86
		{39C96DC3-90A0-428A-B826-EAC0001F163E}.Debug|iPhoneSimulator.ActiveCfg = Debug|x86
		{39C96DC3-90A0-428A-B826-EAC0001F163E}.Debug|iPhoneSimulator.Build.0 = Debug|x86
		{39C96DC3-90A0-428A-B826-EAC0001F163E}.Debug|iPhoneSimulator.Deploy.0 = Debug|x86
		{39C96DC3-90A0-428A-B826-EAC0001F163E}.Debug|x64.ActiveCfg = Debug|x64
		{39C96DC3-90A0-428A-B826-EAC0001F163E}.Debug|x64.Build.0 = Debug|x64
		{39C96DC3-90A0-428A-B826-EAC0001F163E}.Debug|x64.Deploy.0 = Debug|x64
		{39C96DC3-90A0-428A-B826-EAC0001F163E}.Debug|x86.ActiveCfg = Debug|x86
		{39C96DC3-90A0-428A-B826-EAC0001F163E}.Debug|x86.Build.0 = Debug|x86
		{39C96DC3-90A0-428A-B826-EAC0001F163E}.Debug|x86.Deploy.0 = Debug|x86
		{39C96DC3-90A0-428A-B826-EAC0001F163E}.Release|Any CPU.ActiveCfg = Release|x86
		{39C96DC3-90A0-428A-B826-EAC0001F163E}.Release|Any CPU.Build.0 = Release|x86
		{39C96DC3-90A0-428A-B826-EAC0001F163E}.Release|Any CPU.Deploy.0 = Release|x86
		{39C96DC3-90A0-428A-B826-EAC0001F163E}.Release|ARM.ActiveCfg = Release|ARM
		{39C96DC3-90A0-428A-B826-EAC0001F163E}.Release|ARM.Build.0 = Release|ARM
		{39C96DC3-90A0-428A-B826-EAC0001F163E}.Release|ARM.Deploy.0 = Release|ARM
		{39C96DC3-90A0-428A-B826-EAC0001F163E}.Release|iPhone.ActiveCfg = Release|x86
		{39C96DC3-90A0-428A-B826-EAC0001F163E}.Release|iPhone.Build.0 = Release|x86
		{39C96DC3-90A0-428A-B826-EAC0001F163E}.Release|iPhone.Deploy.0 = Release|x86
		{39C96DC3-90A0-428A-B826-EAC0001F163E}.Release|iPhoneSimulator.ActiveCfg = Release|x86
		{39C96DC3-90A0-428A-B826-EAC0001F163E}.Release|iPhoneSimulator.Build.0 = Release|x86
		{39C96DC3-90A0-428A-B826-EAC0001F163E}.Release|iPhoneSimulator.Deploy.0 = Release|x86
		{39C96DC3-90A0-428A-B826-EAC0001F163E}.Release|x64.ActiveCfg = Release|x64
		{39C96DC3-90A0-428A-B826-EAC0001F163E}.Release|x64.Build.0 = Release|x64
		{39C96DC3-90A0-428A-B826-EAC0001F163E}.Release|x64.Deploy.0 = Release|x64
		{39C96DC3-90A0-428A-B826-EAC0001F163E}.Release|x86.ActiveCfg = Release|x86
		{39C96DC3-90A0-428A-B826-EAC0001F163E}.Release|x86.Build.0 = Release|x86
		{39C96DC3-90A0-428A-B826-EAC0001F163E}.Release|x86.Deploy.0 = Release|x86
		{25017021-7B86-44AB-93F0-3E0EC08630F9}.Ad-Hoc|Any CPU.ActiveCfg = Debug|Any CPU
		{25017021-7B86-44AB-93F0-3E0EC08630F9}.Ad-Hoc|Any CPU.Build.0 = Debug|Any CPU
		{25017021-7B86-44AB-93F0-3E0EC08630F9}.Ad-Hoc|Any CPU.Deploy.0 = Debug|Any CPU
		{25017021-7B86-44AB-93F0-3E0EC08630F9}.Ad-Hoc|ARM.ActiveCfg = Debug|Any CPU
		{25017021-7B86-44AB-93F0-3E0EC08630F9}.Ad-Hoc|ARM.Build.0 = Debug|Any CPU
		{25017021-7B86-44AB-93F0-3E0EC08630F9}.Ad-Hoc|ARM.Deploy.0 = Debug|Any CPU
		{25017021-7B86-44AB-93F0-3E0EC08630F9}.Ad-Hoc|iPhone.ActiveCfg = Debug|Any CPU
		{25017021-7B86-44AB-93F0-3E0EC08630F9}.Ad-Hoc|iPhone.Build.0 = Debug|Any CPU
		{25017021-7B86-44AB-93F0-3E0EC08630F9}.Ad-Hoc|iPhone.Deploy.0 = Debug|Any CPU
		{25017021-7B86-44AB-93F0-3E0EC08630F9}.Ad-Hoc|iPhoneSimulator.ActiveCfg = Debug|Any CPU
		{25017021-7B86-44AB-93F0-3E0EC08630F9}.Ad-Hoc|iPhoneSimulator.Build.0 = Debug|Any CPU
		{25017021-7B86-44AB-93F0-3E0EC08630F9}.Ad-Hoc|iPhoneSimulator.Deploy.0 = Debug|Any CPU
		{25017021-7B86-44AB-93F0-3E0EC08630F9}.Ad-Hoc|x64.ActiveCfg = Debug|Any CPU
		{25017021-7B86-44AB-93F0-3E0EC08630F9}.Ad-Hoc|x64.Build.0 = Debug|Any CPU
		{25017021-7B86-44AB-93F0-3E0EC08630F9}.Ad-Hoc|x64.Deploy.0 = Debug|Any CPU
		{25017021-7B86-44AB-93F0-3E0EC08630F9}.Ad-Hoc|x86.ActiveCfg = Debug|Any CPU
		{25017021-7B86-44AB-93F0-3E0EC08630F9}.Ad-Hoc|x86.Build.0 = Debug|Any CPU
		{25017021-7B86-44AB-93F0-3E0EC08630F9}.Ad-Hoc|x86.Deploy.0 = Debug|Any CPU
		{25017021-7B86-44AB-93F0-3E0EC08630F9}.AppStore|Any CPU.ActiveCfg = Debug|Any CPU
		{25017021-7B86-44AB-93F0-3E0EC08630F9}.AppStore|Any CPU.Build.0 = Debug|Any CPU
		{25017021-7B86-44AB-93F0-3E0EC08630F9}.AppStore|Any CPU.Deploy.0 = Debug|Any CPU
		{25017021-7B86-44AB-93F0-3E0EC08630F9}.AppStore|ARM.ActiveCfg = Debug|Any CPU
		{25017021-7B86-44AB-93F0-3E0EC08630F9}.AppStore|ARM.Build.0 = Debug|Any CPU
		{25017021-7B86-44AB-93F0-3E0EC08630F9}.AppStore|ARM.Deploy.0 = Debug|Any CPU
		{25017021-7B86-44AB-93F0-3E0EC08630F9}.AppStore|iPhone.ActiveCfg = Debug|Any CPU
		{25017021-7B86-44AB-93F0-3E0EC08630F9}.AppStore|iPhone.Build.0 = Debug|Any CPU
		{25017021-7B86-44AB-93F0-3E0EC08630F9}.AppStore|iPhone.Deploy.0 = Debug|Any CPU
		{25017021-7B86-44AB-93F0-3E0EC08630F9}.AppStore|iPhoneSimulator.ActiveCfg = Debug|Any CPU
		{25017021-7B86-44AB-93F0-3E0EC08630F9}.AppStore|iPhoneSimulator.Build.0 = Debug|Any CPU
		{25017021-7B86-44AB-93F0-3E0EC08630F9}.AppStore|iPhoneSimulator.Deploy.0 = Debug|Any CPU
		{25017021-7B86-44AB-93F0-3E0EC08630F9}.AppStore|x64.ActiveCfg = Debug|Any CPU
		{25017021-7B86-44AB-93F0-3E0EC08630F9}.AppStore|x64.Build.0 = Debug|Any CPU
		{25017021-7B86-44AB-93F0-3E0EC08630F9}.AppStore|x64.Deploy.0 = Debug|Any CPU
		{25017021-7B86-44AB-93F0-3E0EC08630F9}.AppStore|x86.ActiveCfg = Debug|Any CPU
		{25017021-7B86-44AB-93F0-3E0EC08630F9}.AppStore|x86.Build.0 = Debug|Any CPU
		{25017021-7B86-44AB-93F0-3E0EC08630F9}.AppStore|x86.Deploy.0 = Debug|Any CPU
		{25017021-7B86-44AB-93F0-3E0EC08630F9}.Debug|Any CPU.ActiveCfg = Debug|Any CPU
		{25017021-7B86-44AB-93F0-3E0EC08630F9}.Debug|Any CPU.Build.0 = Debug|Any CPU
		{25017021-7B86-44AB-93F0-3E0EC08630F9}.Debug|Any CPU.Deploy.0 = Debug|Any CPU
		{25017021-7B86-44AB-93F0-3E0EC08630F9}.Debug|ARM.ActiveCfg = Debug|Any CPU
		{25017021-7B86-44AB-93F0-3E0EC08630F9}.Debug|ARM.Build.0 = Debug|Any CPU
		{25017021-7B86-44AB-93F0-3E0EC08630F9}.Debug|ARM.Deploy.0 = Debug|Any CPU
		{25017021-7B86-44AB-93F0-3E0EC08630F9}.Debug|iPhone.ActiveCfg = Debug|Any CPU
		{25017021-7B86-44AB-93F0-3E0EC08630F9}.Debug|iPhone.Build.0 = Debug|Any CPU
		{25017021-7B86-44AB-93F0-3E0EC08630F9}.Debug|iPhone.Deploy.0 = Debug|Any CPU
		{25017021-7B86-44AB-93F0-3E0EC08630F9}.Debug|iPhoneSimulator.ActiveCfg = Debug|Any CPU
		{25017021-7B86-44AB-93F0-3E0EC08630F9}.Debug|iPhoneSimulator.Build.0 = Debug|Any CPU
		{25017021-7B86-44AB-93F0-3E0EC08630F9}.Debug|iPhoneSimulator.Deploy.0 = Debug|Any CPU
		{25017021-7B86-44AB-93F0-3E0EC08630F9}.Debug|x64.ActiveCfg = Debug|Any CPU
		{25017021-7B86-44AB-93F0-3E0EC08630F9}.Debug|x64.Build.0 = Debug|Any CPU
		{25017021-7B86-44AB-93F0-3E0EC08630F9}.Debug|x64.Deploy.0 = Debug|Any CPU
		{25017021-7B86-44AB-93F0-3E0EC08630F9}.Debug|x86.ActiveCfg = Debug|Any CPU
		{25017021-7B86-44AB-93F0-3E0EC08630F9}.Debug|x86.Build.0 = Debug|Any CPU
		{25017021-7B86-44AB-93F0-3E0EC08630F9}.Debug|x86.Deploy.0 = Debug|Any CPU
		{25017021-7B86-44AB-93F0-3E0EC08630F9}.Release|Any CPU.ActiveCfg = Release|Any CPU
		{25017021-7B86-44AB-93F0-3E0EC08630F9}.Release|Any CPU.Build.0 = Release|Any CPU
		{25017021-7B86-44AB-93F0-3E0EC08630F9}.Release|Any CPU.Deploy.0 = Release|Any CPU
		{25017021-7B86-44AB-93F0-3E0EC08630F9}.Release|ARM.ActiveCfg = Release|Any CPU
		{25017021-7B86-44AB-93F0-3E0EC08630F9}.Release|ARM.Build.0 = Release|Any CPU
		{25017021-7B86-44AB-93F0-3E0EC08630F9}.Release|ARM.Deploy.0 = Release|Any CPU
		{25017021-7B86-44AB-93F0-3E0EC08630F9}.Release|iPhone.ActiveCfg = Release|Any CPU
		{25017021-7B86-44AB-93F0-3E0EC08630F9}.Release|iPhone.Build.0 = Release|Any CPU
		{25017021-7B86-44AB-93F0-3E0EC08630F9}.Release|iPhone.Deploy.0 = Release|Any CPU
		{25017021-7B86-44AB-93F0-3E0EC08630F9}.Release|iPhoneSimulator.ActiveCfg = Release|Any CPU
		{25017021-7B86-44AB-93F0-3E0EC08630F9}.Release|iPhoneSimulator.Build.0 = Release|Any CPU
		{25017021-7B86-44AB-93F0-3E0EC08630F9}.Release|iPhoneSimulator.Deploy.0 = Release|Any CPU
		{25017021-7B86-44AB-93F0-3E0EC08630F9}.Release|x64.ActiveCfg = Release|Any CPU
		{25017021-7B86-44AB-93F0-3E0EC08630F9}.Release|x64.Build.0 = Release|Any CPU
		{25017021-7B86-44AB-93F0-3E0EC08630F9}.Release|x64.Deploy.0 = Release|Any CPU
		{25017021-7B86-44AB-93F0-3E0EC08630F9}.Release|x86.ActiveCfg = Release|Any CPU
		{25017021-7B86-44AB-93F0-3E0EC08630F9}.Release|x86.Build.0 = Release|Any CPU
		{25017021-7B86-44AB-93F0-3E0EC08630F9}.Release|x86.Deploy.0 = Release|Any CPU
	EndGlobalSection
	GlobalSection(SolutionProperties) = preSolution
		HideSolutionNode = FALSE
	EndGlobalSection
	GlobalSection(ExtensibilityGlobals) = postSolution
		SolutionGuid = {5A1A7154-151F-41D7-ADE1-44365D636D15}
	EndGlobalSection
EndGlobal
