
Microsoft Visual Studio Solution File, Format Version 12.00
# Visual Studio Version 16
VisualStudioVersion = 16.0.29424.173
MinimumVisualStudioVersion = 10.0.40219.1
Project("{FAE04EC0-301F-11D3-BF4B-00C04F79EFBC}") = "Calculator.UWP", "Calculator.UWP\Calculator.UWP.csproj", "{D21C1A97-9D8E-4125-847B-71CCD6D3BDF6}"
EndProject
Project("{FAE04EC0-301F-11D3-BF4B-00C04F79EFBC}") = "Calculator.Android", "Calculator.Android\Calculator.Android.csproj", "{2157D42E-8D02-4C24-B22A-09FC904F04EC}"
EndProject
Project("{FAE04EC0-301F-11D3-BF4B-00C04F79EFBC}") = "Calculator.iOS", "Calculator.iOS\Calculator.iOS.csproj", "{A89787FE-E1EB-4AB0-B5B6-4BF2A3CD427F}"
EndProject
Project("{9A19103F-16F7-4668-BE54-9A1E7A4F7556}") = "Calculator", "Calculator\Calculator.csproj", "{97EB082A-1766-4225-ADEA-BA83BE4AED66}"
EndProject
Global
	GlobalSection(SolutionConfigurationPlatforms) = preSolution
		Debug|Any CPU = Debug|Any CPU
		Debug|ARM = Debug|ARM
		Debug|iPhone = Debug|iPhone
		Debug|iPhoneSimulator = Debug|iPhoneSimulator
		Debug|x64 = Debug|x64
		Debug|x86 = Debug|x86
		Release|Any CPU = Release|Any CPU
		Release|ARM = Release|ARM
		Release|iPhone = Release|iPhone
		Release|iPhoneSimulator = Release|iPhoneSimulator
		Release|x64 = Release|x64
		Release|x86 = Release|x86
	EndGlobalSection
	GlobalSection(ProjectConfigurationPlatforms) = postSolution
		{D21C1A97-9D8E-4125-847B-71CCD6D3BDF6}.Debug|Any CPU.ActiveCfg = Debug|x86
		{D21C1A97-9D8E-4125-847B-71CCD6D3BDF6}.Debug|Any CPU.Build.0 = Debug|x86
		{D21C1A97-9D8E-4125-847B-71CCD6D3BDF6}.Debug|Any CPU.Deploy.0 = Debug|x86
		{D21C1A97-9D8E-4125-847B-71CCD6D3BDF6}.Debug|ARM.ActiveCfg = Debug|ARM
		{D21C1A97-9D8E-4125-847B-71CCD6D3BDF6}.Debug|ARM.Build.0 = Debug|ARM
		{D21C1A97-9D8E-4125-847B-71CCD6D3BDF6}.Debug|ARM.Deploy.0 = Debug|ARM
		{D21C1A97-9D8E-4125-847B-71CCD6D3BDF6}.Debug|iPhone.ActiveCfg = Debug|x86
		{D21C1A97-9D8E-4125-847B-71CCD6D3BDF6}.Debug|iPhone.Build.0 = Debug|x86
		{D21C1A97-9D8E-4125-847B-71CCD6D3BDF6}.Debug|iPhone.Deploy.0 = Debug|x86
		{D21C1A97-9D8E-4125-847B-71CCD6D3BDF6}.Debug|iPhoneSimulator.ActiveCfg = Debug|x86
		{D21C1A97-9D8E-4125-847B-71CCD6D3BDF6}.Debug|iPhoneSimulator.Build.0 = Debug|x86
		{D21C1A97-9D8E-4125-847B-71CCD6D3BDF6}.Debug|iPhoneSimulator.Deploy.0 = Debug|x86
		{D21C1A97-9D8E-4125-847B-71CCD6D3BDF6}.Debug|x64.ActiveCfg = Debug|x64
		{D21C1A97-9D8E-4125-847B-71CCD6D3BDF6}.Debug|x64.Build.0 = Debug|x64
		{D21C1A97-9D8E-4125-847B-71CCD6D3BDF6}.Debug|x64.Deploy.0 = Debug|x64
		{D21C1A97-9D8E-4125-847B-71CCD6D3BDF6}.Debug|x86.ActiveCfg = Debug|x86
		{D21C1A97-9D8E-4125-847B-71CCD6D3BDF6}.Debug|x86.Build.0 = Debug|x86
		{D21C1A97-9D8E-4125-847B-71CCD6D3BDF6}.Debug|x86.Deploy.0 = Debug|x86
		{D21C1A97-9D8E-4125-847B-71CCD6D3BDF6}.Release|Any CPU.ActiveCfg = Release|x86
		{D21C1A97-9D8E-4125-847B-71CCD6D3BDF6}.Release|Any CPU.Build.0 = Release|x86
		{D21C1A97-9D8E-4125-847B-71CCD6D3BDF6}.Release|Any CPU.Deploy.0 = Release|x86
		{D21C1A97-9D8E-4125-847B-71CCD6D3BDF6}.Release|ARM.ActiveCfg = Release|ARM
		{D21C1A97-9D8E-4125-847B-71CCD6D3BDF6}.Release|ARM.Build.0 = Release|ARM
		{D21C1A97-9D8E-4125-847B-71CCD6D3BDF6}.Release|ARM.Deploy.0 = Release|ARM
		{D21C1A97-9D8E-4125-847B-71CCD6D3BDF6}.Release|iPhone.ActiveCfg = Release|x86
		{D21C1A97-9D8E-4125-847B-71CCD6D3BDF6}.Release|iPhone.Build.0 = Release|x86
		{D21C1A97-9D8E-4125-847B-71CCD6D3BDF6}.Release|iPhone.Deploy.0 = Release|x86
		{D21C1A97-9D8E-4125-847B-71CCD6D3BDF6}.Release|iPhoneSimulator.ActiveCfg = Release|x86
		{D21C1A97-9D8E-4125-847B-71CCD6D3BDF6}.Release|iPhoneSimulator.Build.0 = Release|x86
		{D21C1A97-9D8E-4125-847B-71CCD6D3BDF6}.Release|iPhoneSimulator.Deploy.0 = Release|x86
		{D21C1A97-9D8E-4125-847B-71CCD6D3BDF6}.Release|x64.ActiveCfg = Release|x64
		{D21C1A97-9D8E-4125-847B-71CCD6D3BDF6}.Release|x64.Build.0 = Release|x64
		{D21C1A97-9D8E-4125-847B-71CCD6D3BDF6}.Release|x64.Deploy.0 = Release|x64
		{D21C1A97-9D8E-4125-847B-71CCD6D3BDF6}.Release|x86.ActiveCfg = Release|x86
		{D21C1A97-9D8E-4125-847B-71CCD6D3BDF6}.Release|x86.Build.0 = Release|x86
		{D21C1A97-9D8E-4125-847B-71CCD6D3BDF6}.Release|x86.Deploy.0 = Release|x86
		{2157D42E-8D02-4C24-B22A-09FC904F04EC}.Debug|Any CPU.ActiveCfg = Debug|Any CPU
		{2157D42E-8D02-4C24-B22A-09FC904F04EC}.Debug|Any CPU.Build.0 = Debug|Any CPU
		{2157D42E-8D02-4C24-B22A-09FC904F04EC}.Debug|Any CPU.Deploy.0 = Debug|Any CPU
		{2157D42E-8D02-4C24-B22A-09FC904F04EC}.Debug|ARM.ActiveCfg = Debug|Any CPU
		{2157D42E-8D02-4C24-B22A-09FC904F04EC}.Debug|ARM.Build.0 = Debug|Any CPU
		{2157D42E-8D02-4C24-B22A-09FC904F04EC}.Debug|ARM.Deploy.0 = Debug|Any CPU
		{2157D42E-8D02-4C24-B22A-09FC904F04EC}.Debug|iPhone.ActiveCfg = Debug|Any CPU
		{2157D42E-8D02-4C24-B22A-09FC904F04EC}.Debug|iPhone.Build.0 = Debug|Any CPU
		{2157D42E-8D02-4C24-B22A-09FC904F04EC}.Debug|iPhone.Deploy.0 = Debug|Any CPU
		{2157D42E-8D02-4C24-B22A-09FC904F04EC}.Debug|iPhoneSimulator.ActiveCfg = Debug|Any CPU
		{2157D42E-8D02-4C24-B22A-09FC904F04EC}.Debug|iPhoneSimulator.Build.0 = Debug|Any CPU
		{2157D42E-8D02-4C24-B22A-09FC904F04EC}.Debug|iPhoneSimulator.Deploy.0 = Debug|Any CPU
		{2157D42E-8D02-4C24-B22A-09FC904F04EC}.Debug|x64.ActiveCfg = Debug|Any CPU
		{2157D42E-8D02-4C24-B22A-09FC904F04EC}.Debug|x64.Build.0 = Debug|Any CPU
		{2157D42E-8D02-4C24-B22A-09FC904F04EC}.Debug|x64.Deploy.0 = Debug|Any CPU
		{2157D42E-8D02-4C24-B22A-09FC904F04EC}.Debug|x86.ActiveCfg = Debug|Any CPU
		{2157D42E-8D02-4C24-B22A-09FC904F04EC}.Debug|x86.Build.0 = Debug|Any CPU
		{2157D42E-8D02-4C24-B22A-09FC904F04EC}.Debug|x86.Deploy.0 = Debug|Any CPU
		{2157D42E-8D02-4C24-B22A-09FC904F04EC}.Release|Any CPU.ActiveCfg = Release|Any CPU
		{2157D42E-8D02-4C24-B22A-09FC904F04EC}.Release|Any CPU.Build.0 = Release|Any CPU
		{2157D42E-8D02-4C24-B22A-09FC904F04EC}.Release|Any CPU.Deploy.0 = Release|Any CPU
		{2157D42E-8D02-4C24-B22A-09FC904F04EC}.Release|ARM.ActiveCfg = Release|Any CPU
		{2157D42E-8D02-4C24-B22A-09FC904F04EC}.Release|ARM.Build.0 = Release|Any CPU
		{2157D42E-8D02-4C24-B22A-09FC904F04EC}.Release|ARM.Deploy.0 = Release|Any CPU
		{2157D42E-8D02-4C24-B22A-09FC904F04EC}.Release|iPhone.ActiveCfg = Release|Any CPU
		{2157D42E-8D02-4C24-B22A-09FC904F04EC}.Release|iPhone.Build.0 = Release|Any CPU
		{2157D42E-8D02-4C24-B22A-09FC904F04EC}.Release|iPhone.Deploy.0 = Release|Any CPU
		{2157D42E-8D02-4C24-B22A-09FC904F04EC}.Release|iPhoneSimulator.ActiveCfg = Release|Any CPU
		{2157D42E-8D02-4C24-B22A-09FC904F04EC}.Release|iPhoneSimulator.Build.0 = Release|Any CPU
		{2157D42E-8D02-4C24-B22A-09FC904F04EC}.Release|iPhoneSimulator.Deploy.0 = Release|Any CPU
		{2157D42E-8D02-4C24-B22A-09FC904F04EC}.Release|x64.ActiveCfg = Release|Any CPU
		{2157D42E-8D02-4C24-B22A-09FC904F04EC}.Release|x64.Build.0 = Release|Any CPU
		{2157D42E-8D02-4C24-B22A-09FC904F04EC}.Release|x64.Deploy.0 = Release|Any CPU
		{2157D42E-8D02-4C24-B22A-09FC904F04EC}.Release|x86.ActiveCfg = Release|Any CPU
		{2157D42E-8D02-4C24-B22A-09FC904F04EC}.Release|x86.Build.0 = Release|Any CPU
		{2157D42E-8D02-4C24-B22A-09FC904F04EC}.Release|x86.Deploy.0 = Release|Any CPU
		{A89787FE-E1EB-4AB0-B5B6-4BF2A3CD427F}.Debug|Any CPU.ActiveCfg = Debug|iPhone
		{A89787FE-E1EB-4AB0-B5B6-4BF2A3CD427F}.Debug|Any CPU.Build.0 = Debug|iPhone
		{A89787FE-E1EB-4AB0-B5B6-4BF2A3CD427F}.Debug|Any CPU.Deploy.0 = Debug|iPhone
		{A89787FE-E1EB-4AB0-B5B6-4BF2A3CD427F}.Debug|ARM.ActiveCfg = Debug|iPhoneSimulator
		{A89787FE-E1EB-4AB0-B5B6-4BF2A3CD427F}.Debug|ARM.Build.0 = Debug|iPhoneSimulator
		{A89787FE-E1EB-4AB0-B5B6-4BF2A3CD427F}.Debug|ARM.Deploy.0 = Debug|iPhoneSimulator
		{A89787FE-E1EB-4AB0-B5B6-4BF2A3CD427F}.Debug|iPhone.ActiveCfg = Debug|iPhone
		{A89787FE-E1EB-4AB0-B5B6-4BF2A3CD427F}.Debug|iPhone.Build.0 = Debug|iPhone
		{A89787FE-E1EB-4AB0-B5B6-4BF2A3CD427F}.Debug|iPhone.Deploy.0 = Debug|iPhone
		{A89787FE-E1EB-4AB0-B5B6-4BF2A3CD427F}.Debug|iPhoneSimulator.ActiveCfg = Debug|iPhoneSimulator
		{A89787FE-E1EB-4AB0-B5B6-4BF2A3CD427F}.Debug|iPhoneSimulator.Build.0 = Debug|iPhoneSimulator
		{A89787FE-E1EB-4AB0-B5B6-4BF2A3CD427F}.Debug|iPhoneSimulator.Deploy.0 = Debug|iPhoneSimulator
		{A89787FE-E1EB-4AB0-B5B6-4BF2A3CD427F}.Debug|x64.ActiveCfg = Debug|iPhone
		{A89787FE-E1EB-4AB0-B5B6-4BF2A3CD427F}.Debug|x64.Build.0 = Debug|iPhone
		{A89787FE-E1EB-4AB0-B5B6-4BF2A3CD427F}.Debug|x64.Deploy.0 = Debug|iPhone
		{A89787FE-E1EB-4AB0-B5B6-4BF2A3CD427F}.Debug|x86.ActiveCfg = Debug|iPhone
		{A89787FE-E1EB-4AB0-B5B6-4BF2A3CD427F}.Debug|x86.Build.0 = Debug|iPhone
		{A89787FE-E1EB-4AB0-B5B6-4BF2A3CD427F}.Debug|x86.Deploy.0 = Debug|iPhone
		{A89787FE-E1EB-4AB0-B5B6-4BF2A3CD427F}.Release|Any CPU.ActiveCfg = Release|iPhone
		{A89787FE-E1EB-4AB0-B5B6-4BF2A3CD427F}.Release|Any CPU.Build.0 = Release|iPhone
		{A89787FE-E1EB-4AB0-B5B6-4BF2A3CD427F}.Release|Any CPU.Deploy.0 = Release|iPhone
		{A89787FE-E1EB-4AB0-B5B6-4BF2A3CD427F}.Release|ARM.ActiveCfg = Release|iPhone
		{A89787FE-E1EB-4AB0-B5B6-4BF2A3CD427F}.Release|ARM.Build.0 = Release|iPhone
		{A89787FE-E1EB-4AB0-B5B6-4BF2A3CD427F}.Release|ARM.Deploy.0 = Release|iPhone
		{A89787FE-E1EB-4AB0-B5B6-4BF2A3CD427F}.Release|iPhone.ActiveCfg = Release|iPhone
		{A89787FE-E1EB-4AB0-B5B6-4BF2A3CD427F}.Release|iPhone.Build.0 = Release|iPhone
		{A89787FE-E1EB-4AB0-B5B6-4BF2A3CD427F}.Release|iPhone.Deploy.0 = Release|iPhone
		{A89787FE-E1EB-4AB0-B5B6-4BF2A3CD427F}.Release|iPhoneSimulator.ActiveCfg = Release|iPhoneSimulator
		{A89787FE-E1EB-4AB0-B5B6-4BF2A3CD427F}.Release|iPhoneSimulator.Build.0 = Release|iPhoneSimulator
		{A89787FE-E1EB-4AB0-B5B6-4BF2A3CD427F}.Release|iPhoneSimulator.Deploy.0 = Release|iPhoneSimulator
		{A89787FE-E1EB-4AB0-B5B6-4BF2A3CD427F}.Release|x64.ActiveCfg = Release|iPhone
		{A89787FE-E1EB-4AB0-B5B6-4BF2A3CD427F}.Release|x64.Build.0 = Release|iPhone
		{A89787FE-E1EB-4AB0-B5B6-4BF2A3CD427F}.Release|x64.Deploy.0 = Release|iPhone
		{A89787FE-E1EB-4AB0-B5B6-4BF2A3CD427F}.Release|x86.ActiveCfg = Release|iPhone
		{A89787FE-E1EB-4AB0-B5B6-4BF2A3CD427F}.Release|x86.Build.0 = Release|iPhone
		{A89787FE-E1EB-4AB0-B5B6-4BF2A3CD427F}.Release|x86.Deploy.0 = Release|iPhone
		{97EB082A-1766-4225-ADEA-BA83BE4AED66}.Debug|Any CPU.ActiveCfg = Debug|Any CPU
		{97EB082A-1766-4225-ADEA-BA83BE4AED66}.Debug|Any CPU.Build.0 = Debug|Any CPU
		{97EB082A-1766-4225-ADEA-BA83BE4AED66}.Debug|Any CPU.Deploy.0 = Debug|Any CPU
		{97EB082A-1766-4225-ADEA-BA83BE4AED66}.Debug|ARM.ActiveCfg = Debug|Any CPU
		{97EB082A-1766-4225-ADEA-BA83BE4AED66}.Debug|ARM.Build.0 = Debug|Any CPU
		{97EB082A-1766-4225-ADEA-BA83BE4AED66}.Debug|ARM.Deploy.0 = Debug|Any CPU
		{97EB082A-1766-4225-ADEA-BA83BE4AED66}.Debug|iPhone.ActiveCfg = Debug|Any CPU
		{97EB082A-1766-4225-ADEA-BA83BE4AED66}.Debug|iPhone.Build.0 = Debug|Any CPU
		{97EB082A-1766-4225-ADEA-BA83BE4AED66}.Debug|iPhone.Deploy.0 = Debug|Any CPU
		{97EB082A-1766-4225-ADEA-BA83BE4AED66}.Debug|iPhoneSimulator.ActiveCfg = Debug|Any CPU
		{97EB082A-1766-4225-ADEA-BA83BE4AED66}.Debug|iPhoneSimulator.Build.0 = Debug|Any CPU
		{97EB082A-1766-4225-ADEA-BA83BE4AED66}.Debug|iPhoneSimulator.Deploy.0 = Debug|Any CPU
		{97EB082A-1766-4225-ADEA-BA83BE4AED66}.Debug|x64.ActiveCfg = Debug|Any CPU
		{97EB082A-1766-4225-ADEA-BA83BE4AED66}.Debug|x64.Build.0 = Debug|Any CPU
		{97EB082A-1766-4225-ADEA-BA83BE4AED66}.Debug|x64.Deploy.0 = Debug|Any CPU
		{97EB082A-1766-4225-ADEA-BA83BE4AED66}.Debug|x86.ActiveCfg = Debug|Any CPU
		{97EB082A-1766-4225-ADEA-BA83BE4AED66}.Debug|x86.Build.0 = Debug|Any CPU
		{97EB082A-1766-4225-ADEA-BA83BE4AED66}.Debug|x86.Deploy.0 = Debug|Any CPU
		{97EB082A-1766-4225-ADEA-BA83BE4AED66}.Release|Any CPU.ActiveCfg = Release|Any CPU
		{97EB082A-1766-4225-ADEA-BA83BE4AED66}.Release|Any CPU.Build.0 = Release|Any CPU
		{97EB082A-1766-4225-ADEA-BA83BE4AED66}.Release|Any CPU.Deploy.0 = Release|Any CPU
		{97EB082A-1766-4225-ADEA-BA83BE4AED66}.Release|ARM.ActiveCfg = Release|Any CPU
		{97EB082A-1766-4225-ADEA-BA83BE4AED66}.Release|ARM.Build.0 = Release|Any CPU
		{97EB082A-1766-4225-ADEA-BA83BE4AED66}.Release|ARM.Deploy.0 = Release|Any CPU
		{97EB082A-1766-4225-ADEA-BA83BE4AED66}.Release|iPhone.ActiveCfg = Release|Any CPU
		{97EB082A-1766-4225-ADEA-BA83BE4AED66}.Release|iPhone.Build.0 = Release|Any CPU
		{97EB082A-1766-4225-ADEA-BA83BE4AED66}.Release|iPhone.Deploy.0 = Release|Any CPU
		{97EB082A-1766-4225-ADEA-BA83BE4AED66}.Release|iPhoneSimulator.ActiveCfg = Release|Any CPU
		{97EB082A-1766-4225-ADEA-BA83BE4AED66}.Release|iPhoneSimulator.Build.0 = Release|Any CPU
		{97EB082A-1766-4225-ADEA-BA83BE4AED66}.Release|iPhoneSimulator.Deploy.0 = Release|Any CPU
		{97EB082A-1766-4225-ADEA-BA83BE4AED66}.Release|x64.ActiveCfg = Release|Any CPU
		{97EB082A-1766-4225-ADEA-BA83BE4AED66}.Release|x64.Build.0 = Release|Any CPU
		{97EB082A-1766-4225-ADEA-BA83BE4AED66}.Release|x64.Deploy.0 = Release|Any CPU
		{97EB082A-1766-4225-ADEA-BA83BE4AED66}.Release|x86.ActiveCfg = Release|Any CPU
		{97EB082A-1766-4225-ADEA-BA83BE4AED66}.Release|x86.Build.0 = Release|Any CPU
		{97EB082A-1766-4225-ADEA-BA83BE4AED66}.Release|x86.Deploy.0 = Release|Any CPU
	EndGlobalSection
	GlobalSection(SolutionProperties) = preSolution
		HideSolutionNode = FALSE
	EndGlobalSection
	GlobalSection(ExtensibilityGlobals) = postSolution
		SolutionGuid = {1BF60A60-2FD8-42F6-A9F9-112CAE4EE585}
	EndGlobalSection
EndGlobal
